
Microsoft Visual Studio Solution File, Format Version 11.00
# Visual Studio 2010
Project("{2150E333-8FDC-42A3-9474-1A3956D46DE8}") = "source", "source", "{D86858E6-7DD1-473E-AE52-1C8021CEEF19}"
EndProject
Project("{2150E333-8FDC-42A3-9474-1A3956D46DE8}") = "demo", "demo", "{E3BC70CC-AEBD-4A33-ADDF-CB97447613F5}"
EndProject
Project("{2150E333-8FDC-42A3-9474-1A3956D46DE8}") = "test", "test", "{2F4C8471-4705-490A-9118-AE4B3A61AEF7}"
EndProject
Project("{FAE04EC0-301F-11D3-BF4B-00C04F79EFBC}") = "Relax.Tests", "tests\Relax.Tests.csproj", "{6F1DB555-D2FF-4E2C-8F20-4A012D6F4581}"
EndProject
Project("{FAE04EC0-301F-11D3-BF4B-00C04F79EFBC}") = "Relax", "src\Relax\Relax.csproj", "{3A8D40A3-96F9-4878-902E-7CBC3A82AEDD}"
EndProject
Global
	GlobalSection(SolutionConfigurationPlatforms) = preSolution
		Debug|Any CPU = Debug|Any CPU
		Debug|Mixed Platforms = Debug|Mixed Platforms
		Debug|x86 = Debug|x86
		Release|Any CPU = Release|Any CPU
		Release|Mixed Platforms = Release|Mixed Platforms
		Release|x86 = Release|x86
	EndGlobalSection
	GlobalSection(ProjectConfigurationPlatforms) = postSolution
		{6F1DB555-D2FF-4E2C-8F20-4A012D6F4581}.Debug|Any CPU.ActiveCfg = Debug|Any CPU
		{6F1DB555-D2FF-4E2C-8F20-4A012D6F4581}.Debug|Any CPU.Build.0 = Debug|Any CPU
		{6F1DB555-D2FF-4E2C-8F20-4A012D6F4581}.Debug|Mixed Platforms.ActiveCfg = Debug|Any CPU
		{6F1DB555-D2FF-4E2C-8F20-4A012D6F4581}.Debug|Mixed Platforms.Build.0 = Debug|Any CPU
		{6F1DB555-D2FF-4E2C-8F20-4A012D6F4581}.Debug|x86.ActiveCfg = Debug|Any CPU
		{6F1DB555-D2FF-4E2C-8F20-4A012D6F4581}.Release|Any CPU.ActiveCfg = Release|Any CPU
		{6F1DB555-D2FF-4E2C-8F20-4A012D6F4581}.Release|Any CPU.Build.0 = Release|Any CPU
		{6F1DB555-D2FF-4E2C-8F20-4A012D6F4581}.Release|Mixed Platforms.ActiveCfg = Release|Any CPU
		{6F1DB555-D2FF-4E2C-8F20-4A012D6F4581}.Release|Mixed Platforms.Build.0 = Release|Any CPU
		{6F1DB555-D2FF-4E2C-8F20-4A012D6F4581}.Release|x86.ActiveCfg = Release|Any CPU
		{3A8D40A3-96F9-4878-902E-7CBC3A82AEDD}.Debug|Any CPU.ActiveCfg = Debug|Any CPU
		{3A8D40A3-96F9-4878-902E-7CBC3A82AEDD}.Debug|Any CPU.Build.0 = Debug|Any CPU
		{3A8D40A3-96F9-4878-902E-7CBC3A82AEDD}.Debug|Mixed Platforms.ActiveCfg = Debug|Any CPU
		{3A8D40A3-96F9-4878-902E-7CBC3A82AEDD}.Debug|Mixed Platforms.Build.0 = Debug|Any CPU
		{3A8D40A3-96F9-4878-902E-7CBC3A82AEDD}.Debug|x86.ActiveCfg = Debug|Any CPU
		{3A8D40A3-96F9-4878-902E-7CBC3A82AEDD}.Release|Any CPU.ActiveCfg = Release|Any CPU
		{3A8D40A3-96F9-4878-902E-7CBC3A82AEDD}.Release|Any CPU.Build.0 = Release|Any CPU
		{3A8D40A3-96F9-4878-902E-7CBC3A82AEDD}.Release|Mixed Platforms.ActiveCfg = Release|Any CPU
		{3A8D40A3-96F9-4878-902E-7CBC3A82AEDD}.Release|Mixed Platforms.Build.0 = Release|Any CPU
		{3A8D40A3-96F9-4878-902E-7CBC3A82AEDD}.Release|x86.ActiveCfg = Release|Any CPU
	EndGlobalSection
	GlobalSection(SolutionProperties) = preSolution
		HideSolutionNode = FALSE
	EndGlobalSection
	GlobalSection(NestedProjects) = preSolution
		{3A8D40A3-96F9-4878-902E-7CBC3A82AEDD} = {D86858E6-7DD1-473E-AE52-1C8021CEEF19}
		{6F1DB555-D2FF-4E2C-8F20-4A012D6F4581} = {2F4C8471-4705-490A-9118-AE4B3A61AEF7}
	EndGlobalSection
EndGlobal
