
Microsoft Visual Studio Solution File, Format Version 11.00
# Visual Studio 2010
Project("{FAE04EC0-301F-11D3-BF4B-00C04F79EFBC}") = "Relax", "Relax\Relax.csproj", "{3A8D40A3-96F9-4878-902E-7CBC3A82AEDD}"
EndProject
Project("{FAE04EC0-301F-11D3-BF4B-00C04F79EFBC}") = "Relax.Tests", "..\tests\Relax.Tests.csproj", "{6F1DB555-D2FF-4E2C-8F20-4A012D6F4581}"
EndProject
Project("{FAE04EC0-301F-11D3-BF4B-00C04F79EFBC}") = "RelaxDemo", "..\demo\RelaxDemo\RelaxDemo.csproj", "{B1BB0BE4-77B7-45D4-A973-C6BAEE76A709}"
EndProject
Project("{FAE04EC0-301F-11D3-BF4B-00C04F79EFBC}") = "Relax.Lucene", "Relax.Lucene\Relax.Lucene.csproj", "{EAC2B6B2-8F3C-49A8-88B0-DA6CC04C4935}"
EndProject
Project("{FAE04EC0-301F-11D3-BF4B-00C04F79EFBC}") = "Relax.Lucene.Tests", "..\tests\Relax.Lucene.Tests\Relax.Lucene.Tests.csproj", "{FF6CE562-6D4A-466B-8D17-8AA2B2330CB7}"
EndProject
Project("{FAE04EC0-301F-11D3-BF4B-00C04F79EFBC}") = "Relax.Overflow", "..\demo\Relax.Overflow\Relax.Overflow.csproj", "{03875D45-98AB-4C98-B569-A8A9EE16252D}"
EndProject
Project("{FAE04EC0-301F-11D3-BF4B-00C04F79EFBC}") = "CouchDBIndexService", "CouchDBIndexService\CouchDBIndexService.csproj", "{681B03FD-66ED-48D8-8C14-EC49452CDBDC}"
EndProject
Global
	GlobalSection(SolutionConfigurationPlatforms) = preSolution
		Debug|Any CPU = Debug|Any CPU
		Debug|Mixed Platforms = Debug|Mixed Platforms
		Debug|x86 = Debug|x86
		Release|Any CPU = Release|Any CPU
		Release|Mixed Platforms = Release|Mixed Platforms
		Release|x86 = Release|x86
	EndGlobalSection
	GlobalSection(ProjectConfigurationPlatforms) = postSolution
		{3A8D40A3-96F9-4878-902E-7CBC3A82AEDD}.Debug|Any CPU.ActiveCfg = Debug|Any CPU
		{3A8D40A3-96F9-4878-902E-7CBC3A82AEDD}.Debug|Any CPU.Build.0 = Debug|Any CPU
		{3A8D40A3-96F9-4878-902E-7CBC3A82AEDD}.Debug|Mixed Platforms.ActiveCfg = Debug|Any CPU
		{3A8D40A3-96F9-4878-902E-7CBC3A82AEDD}.Debug|Mixed Platforms.Build.0 = Debug|Any CPU
		{3A8D40A3-96F9-4878-902E-7CBC3A82AEDD}.Debug|x86.ActiveCfg = Debug|Any CPU
		{3A8D40A3-96F9-4878-902E-7CBC3A82AEDD}.Release|Any CPU.ActiveCfg = Release|Any CPU
		{3A8D40A3-96F9-4878-902E-7CBC3A82AEDD}.Release|Any CPU.Build.0 = Release|Any CPU
		{3A8D40A3-96F9-4878-902E-7CBC3A82AEDD}.Release|Mixed Platforms.ActiveCfg = Release|Any CPU
		{3A8D40A3-96F9-4878-902E-7CBC3A82AEDD}.Release|Mixed Platforms.Build.0 = Release|Any CPU
		{3A8D40A3-96F9-4878-902E-7CBC3A82AEDD}.Release|x86.ActiveCfg = Release|Any CPU
		{6F1DB555-D2FF-4E2C-8F20-4A012D6F4581}.Debug|Any CPU.ActiveCfg = Debug|Any CPU
		{6F1DB555-D2FF-4E2C-8F20-4A012D6F4581}.Debug|Any CPU.Build.0 = Debug|Any CPU
		{6F1DB555-D2FF-4E2C-8F20-4A012D6F4581}.Debug|Mixed Platforms.ActiveCfg = Debug|Any CPU
		{6F1DB555-D2FF-4E2C-8F20-4A012D6F4581}.Debug|Mixed Platforms.Build.0 = Debug|Any CPU
		{6F1DB555-D2FF-4E2C-8F20-4A012D6F4581}.Debug|x86.ActiveCfg = Debug|Any CPU
		{6F1DB555-D2FF-4E2C-8F20-4A012D6F4581}.Release|Any CPU.ActiveCfg = Release|Any CPU
		{6F1DB555-D2FF-4E2C-8F20-4A012D6F4581}.Release|Any CPU.Build.0 = Release|Any CPU
		{6F1DB555-D2FF-4E2C-8F20-4A012D6F4581}.Release|Mixed Platforms.ActiveCfg = Release|Any CPU
		{6F1DB555-D2FF-4E2C-8F20-4A012D6F4581}.Release|Mixed Platforms.Build.0 = Release|Any CPU
		{6F1DB555-D2FF-4E2C-8F20-4A012D6F4581}.Release|x86.ActiveCfg = Release|Any CPU
		{B1BB0BE4-77B7-45D4-A973-C6BAEE76A709}.Debug|Any CPU.ActiveCfg = Debug|x86
		{B1BB0BE4-77B7-45D4-A973-C6BAEE76A709}.Debug|Any CPU.Build.0 = Debug|x86
		{B1BB0BE4-77B7-45D4-A973-C6BAEE76A709}.Debug|Mixed Platforms.ActiveCfg = Debug|x86
		{B1BB0BE4-77B7-45D4-A973-C6BAEE76A709}.Debug|Mixed Platforms.Build.0 = Debug|x86
		{B1BB0BE4-77B7-45D4-A973-C6BAEE76A709}.Debug|x86.ActiveCfg = Debug|x86
		{B1BB0BE4-77B7-45D4-A973-C6BAEE76A709}.Debug|x86.Build.0 = Debug|x86
		{B1BB0BE4-77B7-45D4-A973-C6BAEE76A709}.Release|Any CPU.ActiveCfg = Release|x86
		{B1BB0BE4-77B7-45D4-A973-C6BAEE76A709}.Release|Mixed Platforms.ActiveCfg = Release|x86
		{B1BB0BE4-77B7-45D4-A973-C6BAEE76A709}.Release|Mixed Platforms.Build.0 = Release|x86
		{B1BB0BE4-77B7-45D4-A973-C6BAEE76A709}.Release|x86.ActiveCfg = Release|x86
		{B1BB0BE4-77B7-45D4-A973-C6BAEE76A709}.Release|x86.Build.0 = Release|x86
		{EAC2B6B2-8F3C-49A8-88B0-DA6CC04C4935}.Debug|Any CPU.ActiveCfg = Debug|Any CPU
		{EAC2B6B2-8F3C-49A8-88B0-DA6CC04C4935}.Debug|Any CPU.Build.0 = Debug|Any CPU
		{EAC2B6B2-8F3C-49A8-88B0-DA6CC04C4935}.Debug|Mixed Platforms.ActiveCfg = Debug|Any CPU
		{EAC2B6B2-8F3C-49A8-88B0-DA6CC04C4935}.Debug|Mixed Platforms.Build.0 = Debug|Any CPU
		{EAC2B6B2-8F3C-49A8-88B0-DA6CC04C4935}.Debug|x86.ActiveCfg = Debug|Any CPU
		{EAC2B6B2-8F3C-49A8-88B0-DA6CC04C4935}.Release|Any CPU.ActiveCfg = Release|Any CPU
		{EAC2B6B2-8F3C-49A8-88B0-DA6CC04C4935}.Release|Any CPU.Build.0 = Release|Any CPU
		{EAC2B6B2-8F3C-49A8-88B0-DA6CC04C4935}.Release|Mixed Platforms.ActiveCfg = Release|Any CPU
		{EAC2B6B2-8F3C-49A8-88B0-DA6CC04C4935}.Release|Mixed Platforms.Build.0 = Release|Any CPU
		{EAC2B6B2-8F3C-49A8-88B0-DA6CC04C4935}.Release|x86.ActiveCfg = Release|Any CPU
		{FF6CE562-6D4A-466B-8D17-8AA2B2330CB7}.Debug|Any CPU.ActiveCfg = Debug|Any CPU
		{FF6CE562-6D4A-466B-8D17-8AA2B2330CB7}.Debug|Any CPU.Build.0 = Debug|Any CPU
		{FF6CE562-6D4A-466B-8D17-8AA2B2330CB7}.Debug|Mixed Platforms.ActiveCfg = Debug|Any CPU
		{FF6CE562-6D4A-466B-8D17-8AA2B2330CB7}.Debug|Mixed Platforms.Build.0 = Debug|Any CPU
		{FF6CE562-6D4A-466B-8D17-8AA2B2330CB7}.Debug|x86.ActiveCfg = Debug|Any CPU
		{FF6CE562-6D4A-466B-8D17-8AA2B2330CB7}.Release|Any CPU.ActiveCfg = Release|Any CPU
		{FF6CE562-6D4A-466B-8D17-8AA2B2330CB7}.Release|Any CPU.Build.0 = Release|Any CPU
		{FF6CE562-6D4A-466B-8D17-8AA2B2330CB7}.Release|Mixed Platforms.ActiveCfg = Release|Any CPU
		{FF6CE562-6D4A-466B-8D17-8AA2B2330CB7}.Release|Mixed Platforms.Build.0 = Release|Any CPU
		{FF6CE562-6D4A-466B-8D17-8AA2B2330CB7}.Release|x86.ActiveCfg = Release|Any CPU
		{03875D45-98AB-4C98-B569-A8A9EE16252D}.Debug|Any CPU.ActiveCfg = Debug|Any CPU
		{03875D45-98AB-4C98-B569-A8A9EE16252D}.Debug|Any CPU.Build.0 = Debug|Any CPU
		{03875D45-98AB-4C98-B569-A8A9EE16252D}.Debug|Mixed Platforms.ActiveCfg = Debug|Any CPU
		{03875D45-98AB-4C98-B569-A8A9EE16252D}.Debug|Mixed Platforms.Build.0 = Debug|Any CPU
		{03875D45-98AB-4C98-B569-A8A9EE16252D}.Debug|x86.ActiveCfg = Debug|Any CPU
		{03875D45-98AB-4C98-B569-A8A9EE16252D}.Release|Any CPU.ActiveCfg = Release|Any CPU
		{03875D45-98AB-4C98-B569-A8A9EE16252D}.Release|Any CPU.Build.0 = Release|Any CPU
		{03875D45-98AB-4C98-B569-A8A9EE16252D}.Release|Mixed Platforms.ActiveCfg = Release|Any CPU
		{03875D45-98AB-4C98-B569-A8A9EE16252D}.Release|Mixed Platforms.Build.0 = Release|Any CPU
		{03875D45-98AB-4C98-B569-A8A9EE16252D}.Release|x86.ActiveCfg = Release|Any CPU
		{681B03FD-66ED-48D8-8C14-EC49452CDBDC}.Debug|Any CPU.ActiveCfg = Debug|Any CPU
		{681B03FD-66ED-48D8-8C14-EC49452CDBDC}.Debug|Any CPU.Build.0 = Debug|Any CPU
		{681B03FD-66ED-48D8-8C14-EC49452CDBDC}.Debug|Mixed Platforms.ActiveCfg = Debug|Any CPU
		{681B03FD-66ED-48D8-8C14-EC49452CDBDC}.Debug|Mixed Platforms.Build.0 = Debug|Any CPU
		{681B03FD-66ED-48D8-8C14-EC49452CDBDC}.Debug|x86.ActiveCfg = Debug|Any CPU
		{681B03FD-66ED-48D8-8C14-EC49452CDBDC}.Release|Any CPU.ActiveCfg = Release|Any CPU
		{681B03FD-66ED-48D8-8C14-EC49452CDBDC}.Release|Any CPU.Build.0 = Release|Any CPU
		{681B03FD-66ED-48D8-8C14-EC49452CDBDC}.Release|Mixed Platforms.ActiveCfg = Release|Any CPU
		{681B03FD-66ED-48D8-8C14-EC49452CDBDC}.Release|Mixed Platforms.Build.0 = Release|Any CPU
		{681B03FD-66ED-48D8-8C14-EC49452CDBDC}.Release|x86.ActiveCfg = Release|Any CPU
	EndGlobalSection
	GlobalSection(SolutionProperties) = preSolution
		HideSolutionNode = FALSE
	EndGlobalSection
EndGlobal
